
Microsoft Visual Studio Solution File, Format Version 12.00
Project("{2150E333-8FDC-42A3-9474-1A3956D46DE8}") = "Identity", "Identity", "{9831C6BA-08E0-4871-8B9D-617609F81D8B}"
EndProject
Project("{FAE04EC0-301F-11D3-BF4B-00C04F79EFBC}") = "IdentityApi", "IdentityApi\IdentityApi\IdentityApi.csproj", "{BDAA8D02-4D20-4F93-AAA6-1ECFA39162E0}"
EndProject
Project("{2150E333-8FDC-42A3-9474-1A3956D46DE8}") = "Movies", "Movies", "{3A33FCB0-B58B-4441-B6C0-BE8B0BFB75DF}"
EndProject
Project("{2150E333-8FDC-42A3-9474-1A3956D46DE8}") = "MoviesBooking", "MoviesBooking", "{0762B59E-127E-42B0-902A-9E6096AF4605}"
EndProject
Project("{FAE04EC0-301F-11D3-BF4B-00C04F79EFBC}") = "MovieApi", "Movies\MovieApi\MovieApi.csproj", "{0D352398-519E-40EB-9254-40FF8A63CC9A}"
EndProject
Project("{FAE04EC0-301F-11D3-BF4B-00C04F79EFBC}") = "MovieApplication", "Movies\MovieApplication\MovieApplication.csproj", "{091ED129-B086-4D56-8EBA-02B356231A6A}"
EndProject
Project("{FAE04EC0-301F-11D3-BF4B-00C04F79EFBC}") = "MovieCore", "Movies\MovieCore\MovieCore.csproj", "{C0C3E0EF-8090-475F-B28E-861E283EC3CE}"
EndProject
Project("{FAE04EC0-301F-11D3-BF4B-00C04F79EFBC}") = "MovieInfrastructure", "Movies\MovieInfrastructure\MovieInfrastructure.csproj", "{02D91CE6-0CF6-404A-AAC7-CFCA732A0630}"
EndProject
Project("{FAE04EC0-301F-11D3-BF4B-00C04F79EFBC}") = "MovieTest", "Movies\MovieTest\MovieTest.csproj", "{B3A4C635-FA87-4FD9-B81B-314392199856}"
EndProject
Project("{FAE04EC0-301F-11D3-BF4B-00C04F79EFBC}") = "MovieBookingApi", "MoviesBooking\MovieBookingApi\MovieBookingApi.csproj", "{F88BE8FF-DF18-4197-A958-047CC90E7F3D}"
EndProject
Project("{FAE04EC0-301F-11D3-BF4B-00C04F79EFBC}") = "MovieBookingApplication", "MoviesBooking\MovieBookingApplication\MovieBookingApplication.csproj", "{DDA60396-D11E-41CC-B559-B94BD07EBFA9}"
EndProject
Project("{FAE04EC0-301F-11D3-BF4B-00C04F79EFBC}") = "MovieBookingCore", "MoviesBooking\MovieBookingCore\MovieBookingCore.csproj", "{BDA777D0-277B-4275-B8CD-69CC79BF06DD}"
EndProject
Project("{FAE04EC0-301F-11D3-BF4B-00C04F79EFBC}") = "MovieBookingInfrastructure", "MoviesBooking\MovieBookingInfrastructure\MovieBookingInfrastructure.csproj", "{09E2337B-4C73-4684-9923-A17810DCF383}"
EndProject
Project("{FAE04EC0-301F-11D3-BF4B-00C04F79EFBC}") = "MovieBookingTest", "MoviesBooking\MovieBookingTest\MovieBookingTest.csproj", "{594B09DA-77DB-4B34-AA0E-2A5F8B0A0C9C}"
EndProject
Project("{FAE04EC0-301F-11D3-BF4B-00C04F79EFBC}") = "IdentityApplication", "IdentityApi\IdentityApplication\IdentityApplication.csproj", "{F7F2AB9B-B338-4D99-9B52-F9AFBFB9CF0D}"
EndProject
Project("{FAE04EC0-301F-11D3-BF4B-00C04F79EFBC}") = "IdentityCore", "IdentityApi\IdentityCore\IdentityCore.csproj", "{D48646B1-95F0-4D80-8AF2-2FF562CC3563}"
EndProject
Project("{FAE04EC0-301F-11D3-BF4B-00C04F79EFBC}") = "IdentityInfrastructure", "IdentityApi\IdentityInfrastructure\IdentityInfrastructure.csproj", "{B64D0941-9BF8-416B-9A9B-98AD33FCB012}"
EndProject
Project("{FAE04EC0-301F-11D3-BF4B-00C04F79EFBC}") = "IdentityTest", "IdentityApi\IdentityTest\IdentityTest.csproj", "{F5BDD66C-4C1B-4CB8-BF51-0396F824741C}"
EndProject
Global
	GlobalSection(SolutionConfigurationPlatforms) = preSolution
		Debug|Any CPU = Debug|Any CPU
		Release|Any CPU = Release|Any CPU
	EndGlobalSection
	GlobalSection(NestedProjects) = preSolution
		{BDAA8D02-4D20-4F93-AAA6-1ECFA39162E0} = {9831C6BA-08E0-4871-8B9D-617609F81D8B}
		{0D352398-519E-40EB-9254-40FF8A63CC9A} = {3A33FCB0-B58B-4441-B6C0-BE8B0BFB75DF}
		{091ED129-B086-4D56-8EBA-02B356231A6A} = {3A33FCB0-B58B-4441-B6C0-BE8B0BFB75DF}
		{C0C3E0EF-8090-475F-B28E-861E283EC3CE} = {3A33FCB0-B58B-4441-B6C0-BE8B0BFB75DF}
		{02D91CE6-0CF6-404A-AAC7-CFCA732A0630} = {3A33FCB0-B58B-4441-B6C0-BE8B0BFB75DF}
		{B3A4C635-FA87-4FD9-B81B-314392199856} = {3A33FCB0-B58B-4441-B6C0-BE8B0BFB75DF}
		{F88BE8FF-DF18-4197-A958-047CC90E7F3D} = {0762B59E-127E-42B0-902A-9E6096AF4605}
		{DDA60396-D11E-41CC-B559-B94BD07EBFA9} = {0762B59E-127E-42B0-902A-9E6096AF4605}
		{BDA777D0-277B-4275-B8CD-69CC79BF06DD} = {0762B59E-127E-42B0-902A-9E6096AF4605}
		{09E2337B-4C73-4684-9923-A17810DCF383} = {0762B59E-127E-42B0-902A-9E6096AF4605}
		{594B09DA-77DB-4B34-AA0E-2A5F8B0A0C9C} = {0762B59E-127E-42B0-902A-9E6096AF4605}
		{F7F2AB9B-B338-4D99-9B52-F9AFBFB9CF0D} = {9831C6BA-08E0-4871-8B9D-617609F81D8B}
		{D48646B1-95F0-4D80-8AF2-2FF562CC3563} = {9831C6BA-08E0-4871-8B9D-617609F81D8B}
		{B64D0941-9BF8-416B-9A9B-98AD33FCB012} = {9831C6BA-08E0-4871-8B9D-617609F81D8B}
		{F5BDD66C-4C1B-4CB8-BF51-0396F824741C} = {9831C6BA-08E0-4871-8B9D-617609F81D8B}
	EndGlobalSection
	GlobalSection(ProjectConfigurationPlatforms) = postSolution
		{BDAA8D02-4D20-4F93-AAA6-1ECFA39162E0}.Debug|Any CPU.ActiveCfg = Debug|Any CPU
		{BDAA8D02-4D20-4F93-AAA6-1ECFA39162E0}.Debug|Any CPU.Build.0 = Debug|Any CPU
		{BDAA8D02-4D20-4F93-AAA6-1ECFA39162E0}.Release|Any CPU.ActiveCfg = Release|Any CPU
		{BDAA8D02-4D20-4F93-AAA6-1ECFA39162E0}.Release|Any CPU.Build.0 = Release|Any CPU
		{0D352398-519E-40EB-9254-40FF8A63CC9A}.Debug|Any CPU.ActiveCfg = Debug|Any CPU
		{0D352398-519E-40EB-9254-40FF8A63CC9A}.Debug|Any CPU.Build.0 = Debug|Any CPU
		{0D352398-519E-40EB-9254-40FF8A63CC9A}.Release|Any CPU.ActiveCfg = Release|Any CPU
		{0D352398-519E-40EB-9254-40FF8A63CC9A}.Release|Any CPU.Build.0 = Release|Any CPU
		{091ED129-B086-4D56-8EBA-02B356231A6A}.Debug|Any CPU.ActiveCfg = Debug|Any CPU
		{091ED129-B086-4D56-8EBA-02B356231A6A}.Debug|Any CPU.Build.0 = Debug|Any CPU
		{091ED129-B086-4D56-8EBA-02B356231A6A}.Release|Any CPU.ActiveCfg = Release|Any CPU
		{091ED129-B086-4D56-8EBA-02B356231A6A}.Release|Any CPU.Build.0 = Release|Any CPU
		{C0C3E0EF-8090-475F-B28E-861E283EC3CE}.Debug|Any CPU.ActiveCfg = Debug|Any CPU
		{C0C3E0EF-8090-475F-B28E-861E283EC3CE}.Debug|Any CPU.Build.0 = Debug|Any CPU
		{C0C3E0EF-8090-475F-B28E-861E283EC3CE}.Release|Any CPU.ActiveCfg = Release|Any CPU
		{C0C3E0EF-8090-475F-B28E-861E283EC3CE}.Release|Any CPU.Build.0 = Release|Any CPU
		{02D91CE6-0CF6-404A-AAC7-CFCA732A0630}.Debug|Any CPU.ActiveCfg = Debug|Any CPU
		{02D91CE6-0CF6-404A-AAC7-CFCA732A0630}.Debug|Any CPU.Build.0 = Debug|Any CPU
		{02D91CE6-0CF6-404A-AAC7-CFCA732A0630}.Release|Any CPU.ActiveCfg = Release|Any CPU
		{02D91CE6-0CF6-404A-AAC7-CFCA732A0630}.Release|Any CPU.Build.0 = Release|Any CPU
		{B3A4C635-FA87-4FD9-B81B-314392199856}.Debug|Any CPU.ActiveCfg = Debug|Any CPU
		{B3A4C635-FA87-4FD9-B81B-314392199856}.Debug|Any CPU.Build.0 = Debug|Any CPU
		{B3A4C635-FA87-4FD9-B81B-314392199856}.Release|Any CPU.ActiveCfg = Release|Any CPU
		{B3A4C635-FA87-4FD9-B81B-314392199856}.Release|Any CPU.Build.0 = Release|Any CPU
		{F88BE8FF-DF18-4197-A958-047CC90E7F3D}.Debug|Any CPU.ActiveCfg = Debug|Any CPU
		{F88BE8FF-DF18-4197-A958-047CC90E7F3D}.Debug|Any CPU.Build.0 = Debug|Any CPU
		{F88BE8FF-DF18-4197-A958-047CC90E7F3D}.Release|Any CPU.ActiveCfg = Release|Any CPU
		{F88BE8FF-DF18-4197-A958-047CC90E7F3D}.Release|Any CPU.Build.0 = Release|Any CPU
		{DDA60396-D11E-41CC-B559-B94BD07EBFA9}.Debug|Any CPU.ActiveCfg = Debug|Any CPU
		{DDA60396-D11E-41CC-B559-B94BD07EBFA9}.Debug|Any CPU.Build.0 = Debug|Any CPU
		{DDA60396-D11E-41CC-B559-B94BD07EBFA9}.Release|Any CPU.ActiveCfg = Release|Any CPU
		{DDA60396-D11E-41CC-B559-B94BD07EBFA9}.Release|Any CPU.Build.0 = Release|Any CPU
		{BDA777D0-277B-4275-B8CD-69CC79BF06DD}.Debug|Any CPU.ActiveCfg = Debug|Any CPU
		{BDA777D0-277B-4275-B8CD-69CC79BF06DD}.Debug|Any CPU.Build.0 = Debug|Any CPU
		{BDA777D0-277B-4275-B8CD-69CC79BF06DD}.Release|Any CPU.ActiveCfg = Release|Any CPU
		{BDA777D0-277B-4275-B8CD-69CC79BF06DD}.Release|Any CPU.Build.0 = Release|Any CPU
		{09E2337B-4C73-4684-9923-A17810DCF383}.Debug|Any CPU.ActiveCfg = Debug|Any CPU
		{09E2337B-4C73-4684-9923-A17810DCF383}.Debug|Any CPU.Build.0 = Debug|Any CPU
		{09E2337B-4C73-4684-9923-A17810DCF383}.Release|Any CPU.ActiveCfg = Release|Any CPU
		{09E2337B-4C73-4684-9923-A17810DCF383}.Release|Any CPU.Build.0 = Release|Any CPU
		{594B09DA-77DB-4B34-AA0E-2A5F8B0A0C9C}.Debug|Any CPU.ActiveCfg = Debug|Any CPU
		{594B09DA-77DB-4B34-AA0E-2A5F8B0A0C9C}.Debug|Any CPU.Build.0 = Debug|Any CPU
		{594B09DA-77DB-4B34-AA0E-2A5F8B0A0C9C}.Release|Any CPU.ActiveCfg = Release|Any CPU
		{594B09DA-77DB-4B34-AA0E-2A5F8B0A0C9C}.Release|Any CPU.Build.0 = Release|Any CPU
		{F7F2AB9B-B338-4D99-9B52-F9AFBFB9CF0D}.Debug|Any CPU.ActiveCfg = Debug|Any CPU
		{F7F2AB9B-B338-4D99-9B52-F9AFBFB9CF0D}.Debug|Any CPU.Build.0 = Debug|Any CPU
		{F7F2AB9B-B338-4D99-9B52-F9AFBFB9CF0D}.Release|Any CPU.ActiveCfg = Release|Any CPU
		{F7F2AB9B-B338-4D99-9B52-F9AFBFB9CF0D}.Release|Any CPU.Build.0 = Release|Any CPU
		{D48646B1-95F0-4D80-8AF2-2FF562CC3563}.Debug|Any CPU.ActiveCfg = Debug|Any CPU
		{D48646B1-95F0-4D80-8AF2-2FF562CC3563}.Debug|Any CPU.Build.0 = Debug|Any CPU
		{D48646B1-95F0-4D80-8AF2-2FF562CC3563}.Release|Any CPU.ActiveCfg = Release|Any CPU
		{D48646B1-95F0-4D80-8AF2-2FF562CC3563}.Release|Any CPU.Build.0 = Release|Any CPU
		{B64D0941-9BF8-416B-9A9B-98AD33FCB012}.Debug|Any CPU.ActiveCfg = Debug|Any CPU
		{B64D0941-9BF8-416B-9A9B-98AD33FCB012}.Debug|Any CPU.Build.0 = Debug|Any CPU
		{B64D0941-9BF8-416B-9A9B-98AD33FCB012}.Release|Any CPU.ActiveCfg = Release|Any CPU
		{B64D0941-9BF8-416B-9A9B-98AD33FCB012}.Release|Any CPU.Build.0 = Release|Any CPU
		{F5BDD66C-4C1B-4CB8-BF51-0396F824741C}.Debug|Any CPU.ActiveCfg = Debug|Any CPU
		{F5BDD66C-4C1B-4CB8-BF51-0396F824741C}.Debug|Any CPU.Build.0 = Debug|Any CPU
		{F5BDD66C-4C1B-4CB8-BF51-0396F824741C}.Release|Any CPU.ActiveCfg = Release|Any CPU
		{F5BDD66C-4C1B-4CB8-BF51-0396F824741C}.Release|Any CPU.Build.0 = Release|Any CPU
	EndGlobalSection
EndGlobal
